
Microsoft Visual Studio Solution File, Format Version 12.00
# Visual Studio Version 17
VisualStudioVersion = 17.2.32516.85
MinimumVisualStudioVersion = 10.0.40219.1
Project("{FAE04EC0-301F-11D3-BF4B-00C04F79EFBC}") = "Mod09 Ex3", "Mod09 Ex3\Mod09 Ex3.csproj", "{7CA95FF4-A4A4-45E9-9F7B-F26A4ADD3DBB}"
EndProject
Global
	GlobalSection(SolutionConfigurationPlatforms) = preSolution
		Debug|Any CPU = Debug|Any CPU
		Release|Any CPU = Release|Any CPU
	EndGlobalSection
	GlobalSection(ProjectConfigurationPlatforms) = postSolution
		{7CA95FF4-A4A4-45E9-9F7B-F26A4ADD3DBB}.Debug|Any CPU.ActiveCfg = Debug|Any CPU
		{7CA95FF4-A4A4-45E9-9F7B-F26A4ADD3DBB}.Debug|Any CPU.Build.0 = Debug|Any CPU
		{7CA95FF4-A4A4-45E9-9F7B-F26A4ADD3DBB}.Release|Any CPU.ActiveCfg = Release|Any CPU
		{7CA95FF4-A4A4-45E9-9F7B-F26A4ADD3DBB}.Release|Any CPU.Build.0 = Release|Any CPU
	EndGlobalSection
	GlobalSection(SolutionProperties) = preSolution
		HideSolutionNode = FALSE
	EndGlobalSection
	GlobalSection(ExtensibilityGlobals) = postSolution
		SolutionGuid = {579EEA6C-A555-43B5-8B64-E854833F45F8}
	EndGlobalSection
EndGlobal
